
Microsoft Visual Studio Solution File, Format Version 12.00
# Visual Studio Version 16
VisualStudioVersion = 16.0.30320.27
MinimumVisualStudioVersion = 10.0.40219.1
Project("{FAE04EC0-301F-11D3-BF4B-00C04F79EFBC}") = "FinalTask1", "FinalTask\FinalTask1.csproj", "{7CCAC133-66FD-4083-9907-F17BEF45C069}"
EndProject
Project("{FAE04EC0-301F-11D3-BF4B-00C04F79EFBC}") = "FinalTask2", "FinalTask2\FinalTask2.csproj", "{AFBA1EF3-21A0-4C03-8BDE-9B28C701B9C5}"
EndProject
Project("{FAE04EC0-301F-11D3-BF4B-00C04F79EFBC}") = "FinalTask3", "FinalTask3\FinalTask3.csproj", "{A9B90F92-F5B4-4B36-B579-75B0AD5C4EE7}"
EndProject
Global
	GlobalSection(SolutionConfigurationPlatforms) = preSolution
		Debug|Any CPU = Debug|Any CPU
		Release|Any CPU = Release|Any CPU
	EndGlobalSection
	GlobalSection(ProjectConfigurationPlatforms) = postSolution
		{7CCAC133-66FD-4083-9907-F17BEF45C069}.Debug|Any CPU.ActiveCfg = Debug|Any CPU
		{7CCAC133-66FD-4083-9907-F17BEF45C069}.Debug|Any CPU.Build.0 = Debug|Any CPU
		{7CCAC133-66FD-4083-9907-F17BEF45C069}.Release|Any CPU.ActiveCfg = Release|Any CPU
		{7CCAC133-66FD-4083-9907-F17BEF45C069}.Release|Any CPU.Build.0 = Release|Any CPU
		{AFBA1EF3-21A0-4C03-8BDE-9B28C701B9C5}.Debug|Any CPU.ActiveCfg = Debug|Any CPU
		{AFBA1EF3-21A0-4C03-8BDE-9B28C701B9C5}.Debug|Any CPU.Build.0 = Debug|Any CPU
		{AFBA1EF3-21A0-4C03-8BDE-9B28C701B9C5}.Release|Any CPU.ActiveCfg = Release|Any CPU
		{AFBA1EF3-21A0-4C03-8BDE-9B28C701B9C5}.Release|Any CPU.Build.0 = Release|Any CPU
		{A9B90F92-F5B4-4B36-B579-75B0AD5C4EE7}.Debug|Any CPU.ActiveCfg = Debug|Any CPU
		{A9B90F92-F5B4-4B36-B579-75B0AD5C4EE7}.Debug|Any CPU.Build.0 = Debug|Any CPU
		{A9B90F92-F5B4-4B36-B579-75B0AD5C4EE7}.Release|Any CPU.ActiveCfg = Release|Any CPU
		{A9B90F92-F5B4-4B36-B579-75B0AD5C4EE7}.Release|Any CPU.Build.0 = Release|Any CPU
	EndGlobalSection
	GlobalSection(SolutionProperties) = preSolution
		HideSolutionNode = FALSE
	EndGlobalSection
	GlobalSection(ExtensibilityGlobals) = postSolution
		SolutionGuid = {9D0008D8-F382-416F-A05E-E82B3E023EEC}
	EndGlobalSection
EndGlobal
