
Microsoft Visual Studio Solution File, Format Version 12.00
# Visual Studio Version 16
VisualStudioVersion = 16.0.30225.117
MinimumVisualStudioVersion = 10.0.40219.1
Project("{FAE04EC0-301F-11D3-BF4B-00C04F79EFBC}") = "DatasetDesigner", "DatasetDesigner\DatasetDesigner.csproj", "{AE146346-34A3-46F5-8CA6-1F892C531478}"
EndProject
Global
	GlobalSection(SolutionConfigurationPlatforms) = preSolution
		Debug|Any CPU = Debug|Any CPU
		Release|Any CPU = Release|Any CPU
	EndGlobalSection
	GlobalSection(ProjectConfigurationPlatforms) = postSolution
		{AE146346-34A3-46F5-8CA6-1F892C531478}.Debug|Any CPU.ActiveCfg = Debug|Any CPU
		{AE146346-34A3-46F5-8CA6-1F892C531478}.Debug|Any CPU.Build.0 = Debug|Any CPU
		{AE146346-34A3-46F5-8CA6-1F892C531478}.Release|Any CPU.ActiveCfg = Release|Any CPU
		{AE146346-34A3-46F5-8CA6-1F892C531478}.Release|Any CPU.Build.0 = Release|Any CPU
	EndGlobalSection
	GlobalSection(SolutionProperties) = preSolution
		HideSolutionNode = FALSE
	EndGlobalSection
	GlobalSection(ExtensibilityGlobals) = postSolution
		SolutionGuid = {82D59746-EDEC-437D-9D36-0359A873EDD5}
	EndGlobalSection
EndGlobal
