
Microsoft Visual Studio Solution File, Format Version 12.00
# Visual Studio Version 16
VisualStudioVersion = 16.0.30320.27
MinimumVisualStudioVersion = 10.0.40219.1
Project("{FAE04EC0-301F-11D3-BF4B-00C04F79EFBC}") = "Linq_Student", "Linq_Student\Linq_Student.csproj", "{BB27D653-A0DB-4B97-8DEB-64BADF842471}"
EndProject
Global
	GlobalSection(SolutionConfigurationPlatforms) = preSolution
		Debug|Any CPU = Debug|Any CPU
		Release|Any CPU = Release|Any CPU
	EndGlobalSection
	GlobalSection(ProjectConfigurationPlatforms) = postSolution
		{BB27D653-A0DB-4B97-8DEB-64BADF842471}.Debug|Any CPU.ActiveCfg = Debug|Any CPU
		{BB27D653-A0DB-4B97-8DEB-64BADF842471}.Debug|Any CPU.Build.0 = Debug|Any CPU
		{BB27D653-A0DB-4B97-8DEB-64BADF842471}.Release|Any CPU.ActiveCfg = Release|Any CPU
		{BB27D653-A0DB-4B97-8DEB-64BADF842471}.Release|Any CPU.Build.0 = Release|Any CPU
	EndGlobalSection
	GlobalSection(SolutionProperties) = preSolution
		HideSolutionNode = FALSE
	EndGlobalSection
	GlobalSection(ExtensibilityGlobals) = postSolution
		SolutionGuid = {008EC723-9D5F-4119-82A0-1444AB126F47}
	EndGlobalSection
EndGlobal
